
Microsoft Visual Studio Solution File, Format Version 12.00
# Visual Studio 15
VisualStudioVersion = 15.0.28010.2026
MinimumVisualStudioVersion = 10.0.40219.1
Project("{FAE04EC0-301F-11D3-BF4B-00C04F79EFBC}") = "StudentsLab", "StudentsLab\StudentsLab.csproj", "{0DEAA7D9-9418-4890-BBCB-0F74AE269EE1}"
EndProject
Global
	GlobalSection(SolutionConfigurationPlatforms) = preSolution
		Debug|Any CPU = Debug|Any CPU
		Release|Any CPU = Release|Any CPU
	EndGlobalSection
	GlobalSection(ProjectConfigurationPlatforms) = postSolution
		{0DEAA7D9-9418-4890-BBCB-0F74AE269EE1}.Debug|Any CPU.ActiveCfg = Debug|Any CPU
		{0DEAA7D9-9418-4890-BBCB-0F74AE269EE1}.Debug|Any CPU.Build.0 = Debug|Any CPU
		{0DEAA7D9-9418-4890-BBCB-0F74AE269EE1}.Release|Any CPU.ActiveCfg = Release|Any CPU
		{0DEAA7D9-9418-4890-BBCB-0F74AE269EE1}.Release|Any CPU.Build.0 = Release|Any CPU
	EndGlobalSection
	GlobalSection(SolutionProperties) = preSolution
		HideSolutionNode = FALSE
	EndGlobalSection
	GlobalSection(ExtensibilityGlobals) = postSolution
		SolutionGuid = {2BA265B5-EEE0-48D7-A77A-53FB0EF0D0FD}
	EndGlobalSection
EndGlobal
